
Microsoft Visual Studio Solution File, Format Version 12.00
# Visual Studio Version 17
VisualStudioVersion = 17.5.33516.290
MinimumVisualStudioVersion = 10.0.40219.1
Project("{9A19103F-16F7-4668-BE54-9A1E7A4F7556}") = "Lab01-Bai01", "Bai01\Lab01-Bai01.csproj", "{0E45009E-9958-4919-B262-FACB79B981DD}"
EndProject
Global
	GlobalSection(SolutionConfigurationPlatforms) = preSolution
		Debug|Any CPU = Debug|Any CPU
		Release|Any CPU = Release|Any CPU
	EndGlobalSection
	GlobalSection(ProjectConfigurationPlatforms) = postSolution
		{0E45009E-9958-4919-B262-FACB79B981DD}.Debug|Any CPU.ActiveCfg = Debug|Any CPU
		{0E45009E-9958-4919-B262-FACB79B981DD}.Debug|Any CPU.Build.0 = Debug|Any CPU
		{0E45009E-9958-4919-B262-FACB79B981DD}.Release|Any CPU.ActiveCfg = Release|Any CPU
		{0E45009E-9958-4919-B262-FACB79B981DD}.Release|Any CPU.Build.0 = Release|Any CPU
	EndGlobalSection
	GlobalSection(SolutionProperties) = preSolution
		HideSolutionNode = FALSE
	EndGlobalSection
	GlobalSection(ExtensibilityGlobals) = postSolution
		SolutionGuid = {E77C0A20-137B-46B1-A8B5-C98288A4C359}
	EndGlobalSection
EndGlobal
